// !$*UTF8*$!
{
	archiveVersion = 1;
	classes = {
	};
	objectVersion = 55;
	objects = {

/* Begin PBXBuildFile section */
		F2C62875273C0DB90005AA70 /* AppDelegate.swift in Sources */ = {isa = PBXBuildFile; fileRef = F2C62874273C0DB90005AA70 /* AppDelegate.swift */; };
		F2C62877273C0DB90005AA70 /* SceneDelegate.swift in Sources */ = {isa = PBXBuildFile; fileRef = F2C62876273C0DB90005AA70 /* SceneDelegate.swift */; };
		F2C62879273C0DB90005AA70 /* ViewController.swift in Sources */ = {isa = PBXBuildFile; fileRef = F2C62878273C0DB90005AA70 /* ViewController.swift */; };
		F2C6287E273C0DBB0005AA70 /* Assets.xcassets in Resources */ = {isa = PBXBuildFile; fileRef = F2C6287D273C0DBB0005AA70 /* Assets.xcassets */; };
		F2C62881273C0DBB0005AA70 /* LaunchScreen.storyboard in Resources */ = {isa = PBXBuildFile; fileRef = F2C6287F273C0DBB0005AA70 /* LaunchScreen.storyboard */; };
		F2C6288C273C0DBB0005AA70 /* chpanPW5Tests.swift in Sources */ = {isa = PBXBuildFile; fileRef = F2C6288B273C0DBB0005AA70 /* chpanPW5Tests.swift */; };
		F2C62896273C0DBB0005AA70 /* chpanPW5UITests.swift in Sources */ = {isa = PBXBuildFile; fileRef = F2C62895273C0DBB0005AA70 /* chpanPW5UITests.swift */; };
		F2C62898273C0DBB0005AA70 /* chpanPW5UITestsLaunchTests.swift in Sources */ = {isa = PBXBuildFile; fileRef = F2C62897273C0DBB0005AA70 /* chpanPW5UITestsLaunchTests.swift */; };
		F2C628A5273C39210005AA70 /* ArticleModel.swift in Sources */ = {isa = PBXBuildFile; fileRef = F2C628A4273C39210005AA70 /* ArticleModel.swift */; };
		F2C628A7273C445C0005AA70 /* ArticleManager.swift in Sources */ = {isa = PBXBuildFile; fileRef = F2C628A6273C445C0005AA70 /* ArticleManager.swift */; };
		F2C628A9273C51BC0005AA70 /* ArticleCell.swift in Sources */ = {isa = PBXBuildFile; fileRef = F2C628A8273C51BC0005AA70 /* ArticleCell.swift */; };
		F2C628AB273DA2050005AA70 /* UpdateDelegate.swift in Sources */ = {isa = PBXBuildFile; fileRef = F2C628AA273DA2050005AA70 /* UpdateDelegate.swift */; };
/* End PBXBuildFile section */

/* Begin PBXContainerItemProxy section */
		F2C62888273C0DBB0005AA70 /* PBXContainerItemProxy */ = {
			isa = PBXContainerItemProxy;
			containerPortal = F2C62869273C0DB80005AA70 /* Project object */;
			proxyType = 1;
			remoteGlobalIDString = F2C62870273C0DB90005AA70;
			remoteInfo = chpanPW5;
		};
		F2C62892273C0DBB0005AA70 /* PBXContainerItemProxy */ = {
			isa = PBXContainerItemProxy;
			containerPortal = F2C62869273C0DB80005AA70 /* Project object */;
			proxyType = 1;
			remoteGlobalIDString = F2C62870273C0DB90005AA70;
			remoteInfo = chpanPW5;
		};
/* End PBXContainerItemProxy section */

/* Begin PBXFileReference section */
		F2C62871273C0DB90005AA70 /* chpanPW5.app */ = {isa = PBXFileReference; explicitFileType = wrapper.application; includeInIndex = 0; path = chpanPW5.app; sourceTree = BUILT_PRODUCTS_DIR; };
		F2C62874273C0DB90005AA70 /* AppDelegate.swift */ = {isa = PBXFileReference; lastKnownFileType = sourcecode.swift; path = AppDelegate.swift; sourceTree = "<group>"; };
		F2C62876273C0DB90005AA70 /* SceneDelegate.swift */ = {isa = PBXFileReference; lastKnownFileType = sourcecode.swift; path = SceneDelegate.swift; sourceTree = "<group>"; };
		F2C62878273C0DB90005AA70 /* ViewController.swift */ = {isa = PBXFileReference; lastKnownFileType = sourcecode.swift; path = ViewController.swift; sourceTree = "<group>"; };
		F2C6287D273C0DBB0005AA70 /* Assets.xcassets */ = {isa = PBXFileReference; lastKnownFileType = folder.assetcatalog; path = Assets.xcassets; sourceTree = "<group>"; };
		F2C62880273C0DBB0005AA70 /* Base */ = {isa = PBXFileReference; lastKnownFileType = file.storyboard; name = Base; path = Base.lproj/LaunchScreen.storyboard; sourceTree = "<group>"; };
		F2C62882273C0DBB0005AA70 /* Info.plist */ = {isa = PBXFileReference; lastKnownFileType = text.plist.xml; path = Info.plist; sourceTree = "<group>"; };
		F2C62887273C0DBB0005AA70 /* chpanPW5Tests.xctest */ = {isa = PBXFileReference; explicitFileType = wrapper.cfbundle; includeInIndex = 0; path = chpanPW5Tests.xctest; sourceTree = BUILT_PRODUCTS_DIR; };
		F2C6288B273C0DBB0005AA70 /* chpanPW5Tests.swift */ = {isa = PBXFileReference; lastKnownFileType = sourcecode.swift; path = chpanPW5Tests.swift; sourceTree = "<group>"; };
		F2C62891273C0DBB0005AA70 /* chpanPW5UITests.xctest */ = {isa = PBXFileReference; explicitFileType = wrapper.cfbundle; includeInIndex = 0; path = chpanPW5UITests.xctest; sourceTree = BUILT_PRODUCTS_DIR; };
		F2C62895273C0DBB0005AA70 /* chpanPW5UITests.swift */ = {isa = PBXFileReference; lastKnownFileType = sourcecode.swift; path = chpanPW5UITests.swift; sourceTree = "<group>"; };
		F2C62897273C0DBB0005AA70 /* chpanPW5UITestsLaunchTests.swift */ = {isa = PBXFileReference; lastKnownFileType = sourcecode.swift; path = chpanPW5UITestsLaunchTests.swift; sourceTree = "<group>"; };
		F2C628A4273C39210005AA70 /* ArticleModel.swift */ = {isa = PBXFileReference; lastKnownFileType = sourcecode.swift; path = ArticleModel.swift; sourceTree = "<group>"; };
		F2C628A6273C445C0005AA70 /* ArticleManager.swift */ = {isa = PBXFileReference; lastKnownFileType = sourcecode.swift; path = ArticleManager.swift; sourceTree = "<group>"; };
		F2C628A8273C51BC0005AA70 /* ArticleCell.swift */ = {isa = PBXFileReference; lastKnownFileType = sourcecode.swift; path = ArticleCell.swift; sourceTree = "<group>"; };
		F2C628AA273DA2050005AA70 /* UpdateDelegate.swift */ = {isa = PBXFileReference; lastKnownFileType = sourcecode.swift; path = UpdateDelegate.swift; sourceTree = "<group>"; };
/* End PBXFileReference section */

/* Begin PBXFrameworksBuildPhase section */
		F2C6286E273C0DB90005AA70 /* Frameworks */ = {
			isa = PBXFrameworksBuildPhase;
			buildActionMask = 2147483647;
			files = (
			);
			runOnlyForDeploymentPostprocessing = 0;
		};
		F2C62884273C0DBB0005AA70 /* Frameworks */ = {
			isa = PBXFrameworksBuildPhase;
			buildActionMask = 2147483647;
			files = (
			);
			runOnlyForDeploymentPostprocessing = 0;
		};
		F2C6288E273C0DBB0005AA70 /* Frameworks */ = {
			isa = PBXFrameworksBuildPhase;
			buildActionMask = 2147483647;
			files = (
			);
			runOnlyForDeploymentPostprocessing = 0;
		};
/* End PBXFrameworksBuildPhase section */

/* Begin PBXGroup section */
		F2C62868273C0DB80005AA70 = {
			isa = PBXGroup;
			children = (
				F2C62873273C0DB90005AA70 /* chpanPW5 */,
				F2C6288A273C0DBB0005AA70 /* chpanPW5Tests */,
				F2C62894273C0DBB0005AA70 /* chpanPW5UITests */,
				F2C62872273C0DB90005AA70 /* Products */,
			);
			sourceTree = "<group>";
		};
		F2C62872273C0DB90005AA70 /* Products */ = {
			isa = PBXGroup;
			children = (
				F2C62871273C0DB90005AA70 /* chpanPW5.app */,
				F2C62887273C0DBB0005AA70 /* chpanPW5Tests.xctest */,
				F2C62891273C0DBB0005AA70 /* chpanPW5UITests.xctest */,
			);
			name = Products;
			sourceTree = "<group>";
		};
		F2C62873273C0DB90005AA70 /* chpanPW5 */ = {
			isa = PBXGroup;
			children = (
				F2C62874273C0DB90005AA70 /* AppDelegate.swift */,
				F2C62876273C0DB90005AA70 /* SceneDelegate.swift */,
				F2C62878273C0DB90005AA70 /* ViewController.swift */,
				F2C6287D273C0DBB0005AA70 /* Assets.xcassets */,
				F2C6287F273C0DBB0005AA70 /* LaunchScreen.storyboard */,
				F2C62882273C0DBB0005AA70 /* Info.plist */,
				F2C628A4273C39210005AA70 /* ArticleModel.swift */,
				F2C628A6273C445C0005AA70 /* ArticleManager.swift */,
				F2C628A8273C51BC0005AA70 /* ArticleCell.swift */,
				F2C628AA273DA2050005AA70 /* UpdateDelegate.swift */,
			);
			path = chpanPW5;
			sourceTree = "<group>";
		};
		F2C6288A273C0DBB0005AA70 /* chpanPW5Tests */ = {
			isa = PBXGroup;
			children = (
				F2C6288B273C0DBB0005AA70 /* chpanPW5Tests.swift */,
			);
			path = chpanPW5Tests;
			sourceTree = "<group>";
		};
		F2C62894273C0DBB0005AA70 /* chpanPW5UITests */ = {
			isa = PBXGroup;
			children = (
				F2C62895273C0DBB0005AA70 /* chpanPW5UITests.swift */,
				F2C62897273C0DBB0005AA70 /* chpanPW5UITestsLaunchTests.swift */,
			);
			path = chpanPW5UITests;
			sourceTree = "<group>";
		};
/* End PBXGroup section */

/* Begin PBXNativeTarget section */
		F2C62870273C0DB90005AA70 /* chpanPW5 */ = {
			isa = PBXNativeTarget;
			buildConfigurationList = F2C6289B273C0DBB0005AA70 /* Build configuration list for PBXNativeTarget "chpanPW5" */;
			buildPhases = (
				F2C6286D273C0DB90005AA70 /* Sources */,
				F2C6286E273C0DB90005AA70 /* Frameworks */,
				F2C6286F273C0DB90005AA70 /* Resources */,
			);
			buildRules = (
			);
			dependencies = (
			);
			name = chpanPW5;
			productName = chpanPW5;
			productReference = F2C62871273C0DB90005AA70 /* chpanPW5.app */;
			productType = "com.apple.product-type.application";
		};
		F2C62886273C0DBB0005AA70 /* chpanPW5Tests */ = {
			isa = PBXNativeTarget;
			buildConfigurationList = F2C6289E273C0DBB0005AA70 /* Build configuration list for PBXNativeTarget "chpanPW5Tests" */;
			buildPhases = (
				F2C62883273C0DBB0005AA70 /* Sources */,
				F2C62884273C0DBB0005AA70 /* Frameworks */,
				F2C62885273C0DBB0005AA70 /* Resources */,
			);
			buildRules = (
			);
			dependencies = (
				F2C62889273C0DBB0005AA70 /* PBXTargetDependency */,
			);
			name = chpanPW5Tests;
			productName = chpanPW5Tests;
			productReference = F2C62887273C0DBB0005AA70 /* chpanPW5Tests.xctest */;
			productType = "com.apple.product-type.bundle.unit-test";
		};
		F2C62890273C0DBB0005AA70 /* chpanPW5UITests */ = {
			isa = PBXNativeTarget;
			buildConfigurationList = F2C628A1273C0DBB0005AA70 /* Build configuration list for PBXNativeTarget "chpanPW5UITests" */;
			buildPhases = (
				F2C6288D273C0DBB0005AA70 /* Sources */,
				F2C6288E273C0DBB0005AA70 /* Frameworks */,
				F2C6288F273C0DBB0005AA70 /* Resources */,
			);
			buildRules = (
			);
			dependencies = (
				F2C62893273C0DBB0005AA70 /* PBXTargetDependency */,
			);
			name = chpanPW5UITests;
			productName = chpanPW5UITests;
			productReference = F2C62891273C0DBB0005AA70 /* chpanPW5UITests.xctest */;
			productType = "com.apple.product-type.bundle.ui-testing";
		};
/* End PBXNativeTarget section */

/* Begin PBXProject section */
		F2C62869273C0DB80005AA70 /* Project object */ = {
			isa = PBXProject;
			attributes = {
				BuildIndependentTargetsInParallel = 1;
				LastSwiftUpdateCheck = 1300;
				LastUpgradeCheck = 1300;
				TargetAttributes = {
					F2C62870273C0DB90005AA70 = {
						CreatedOnToolsVersion = 13.0;
					};
					F2C62886273C0DBB0005AA70 = {
						CreatedOnToolsVersion = 13.0;
						TestTargetID = F2C62870273C0DB90005AA70;
					};
					F2C62890273C0DBB0005AA70 = {
						CreatedOnToolsVersion = 13.0;
						TestTargetID = F2C62870273C0DB90005AA70;
					};
				};
			};
			buildConfigurationList = F2C6286C273C0DB80005AA70 /* Build configuration list for PBXProject "chpanPW5" */;
			compatibilityVersion = "Xcode 13.0";
			developmentRegion = en;
			hasScannedForEncodings = 0;
			knownRegions = (
				en,
				Base,
			);
			mainGroup = F2C62868273C0DB80005AA70;
			productRefGroup = F2C62872273C0DB90005AA70 /* Products */;
			projectDirPath = "";
			projectRoot = "";
			targets = (
				F2C62870273C0DB90005AA70 /* chpanPW5 */,
				F2C62886273C0DBB0005AA70 /* chpanPW5Tests */,
				F2C62890273C0DBB0005AA70 /* chpanPW5UITests */,
			);
		};
/* End PBXProject section */

/* Begin PBXResourcesBuildPhase section */
		F2C6286F273C0DB90005AA70 /* Resources */ = {
			isa = PBXResourcesBuildPhase;
			buildActionMask = 2147483647;
			files = (
				F2C62881273C0DBB0005AA70 /* LaunchScreen.storyboard in Resources */,
				F2C6287E273C0DBB0005AA70 /* Assets.xcassets in Resources */,
			);
			runOnlyForDeploymentPostprocessing = 0;
		};
		F2C62885273C0DBB0005AA70 /* Resources */ = {
			isa = PBXResourcesBuildPhase;
			buildActionMask = 2147483647;
			files = (
			);
			runOnlyForDeploymentPostprocessing = 0;
		};
		F2C6288F273C0DBB0005AA70 /* Resources */ = {
			isa = PBXResourcesBuildPhase;
			buildActionMask = 2147483647;
			files = (
			);
			runOnlyForDeploymentPostprocessing = 0;
		};
/* End PBXResourcesBuildPhase section */

/* Begin PBXSourcesBuildPhase section */
		F2C6286D273C0DB90005AA70 /* Sources */ = {
			isa = PBXSourcesBuildPhase;
			buildActionMask = 2147483647;
			files = (
				F2C62879273C0DB90005AA70 /* ViewController.swift in Sources */,
				F2C62875273C0DB90005AA70 /* AppDelegate.swift in Sources */,
				F2C628A9273C51BC0005AA70 /* ArticleCell.swift in Sources */,
				F2C628A7273C445C0005AA70 /* ArticleManager.swift in Sources */,
				F2C628A5273C39210005AA70 /* ArticleModel.swift in Sources */,
				F2C62877273C0DB90005AA70 /* SceneDelegate.swift in Sources */,
				F2C628AB273DA2050005AA70 /* UpdateDelegate.swift in Sources */,
			);
			runOnlyForDeploymentPostprocessing = 0;
		};
		F2C62883273C0DBB0005AA70 /* Sources */ = {
			isa = PBXSourcesBuildPhase;
			buildActionMask = 2147483647;
			files = (
				F2C6288C273C0DBB0005AA70 /* chpanPW5Tests.swift in Sources */,
			);
			runOnlyForDeploymentPostprocessing = 0;
		};
		F2C6288D273C0DBB0005AA70 /* Sources */ = {
			isa = PBXSourcesBuildPhase;
			buildActionMask = 2147483647;
			files = (
				F2C62898273C0DBB0005AA70 /* chpanPW5UITestsLaunchTests.swift in Sources */,
				F2C62896273C0DBB0005AA70 /* chpanPW5UITests.swift in Sources */,
			);
			runOnlyForDeploymentPostprocessing = 0;
		};
/* End PBXSourcesBuildPhase section */

/* Begin PBXTargetDependency section */
		F2C62889273C0DBB0005AA70 /* PBXTargetDependency */ = {
			isa = PBXTargetDependency;
			target = F2C62870273C0DB90005AA70 /* chpanPW5 */;
			targetProxy = F2C62888273C0DBB0005AA70 /* PBXContainerItemProxy */;
		};
		F2C62893273C0DBB0005AA70 /* PBXTargetDependency */ = {
			isa = PBXTargetDependency;
			target = F2C62870273C0DB90005AA70 /* chpanPW5 */;
			targetProxy = F2C62892273C0DBB0005AA70 /* PBXContainerItemProxy */;
		};
/* End PBXTargetDependency section */

/* Begin PBXVariantGroup section */
		F2C6287F273C0DBB0005AA70 /* LaunchScreen.storyboard */ = {
			isa = PBXVariantGroup;
			children = (
				F2C62880273C0DBB0005AA70 /* Base */,
			);
			name = LaunchScreen.storyboard;
			sourceTree = "<group>";
		};
/* End PBXVariantGroup section */

/* Begin XCBuildConfiguration section */
		F2C62899273C0DBB0005AA70 /* Debug */ = {
			isa = XCBuildConfiguration;
			buildSettings = {
				ALWAYS_SEARCH_USER_PATHS = NO;
				CLANG_ANALYZER_NONNULL = YES;
				CLANG_ANALYZER_NUMBER_OBJECT_CONVERSION = YES_AGGRESSIVE;
				CLANG_CXX_LANGUAGE_STANDARD = "gnu++17";
				CLANG_CXX_LIBRARY = "libc++";
				CLANG_ENABLE_MODULES = YES;
				CLANG_ENABLE_OBJC_ARC = YES;
				CLANG_ENABLE_OBJC_WEAK = YES;
				CLANG_WARN_BLOCK_CAPTURE_AUTORELEASING = YES;
				CLANG_WARN_BOOL_CONVERSION = YES;
				CLANG_WARN_COMMA = YES;
				CLANG_WARN_CONSTANT_CONVERSION = YES;
				CLANG_WARN_DEPRECATED_OBJC_IMPLEMENTATIONS = YES;
				CLANG_WARN_DIRECT_OBJC_ISA_USAGE = YES_ERROR;
				CLANG_WARN_DOCUMENTATION_COMMENTS = YES;
				CLANG_WARN_EMPTY_BODY = YES;
				CLANG_WARN_ENUM_CONVERSION = YES;
				CLANG_WARN_INFINITE_RECURSION = YES;
				CLANG_WARN_INT_CONVERSION = YES;
				CLANG_WARN_NON_LITERAL_NULL_CONVERSION = YES;
				CLANG_WARN_OBJC_IMPLICIT_RETAIN_SELF = YES;
				CLANG_WARN_OBJC_LITERAL_CONVERSION = YES;
				CLANG_WARN_OBJC_ROOT_CLASS = YES_ERROR;
				CLANG_WARN_QUOTED_INCLUDE_IN_FRAMEWORK_HEADER = YES;
				CLANG_WARN_RANGE_LOOP_ANALYSIS = YES;
				CLANG_WARN_STRICT_PROTOTYPES = YES;
				CLANG_WARN_SUSPICIOUS_MOVE = YES;
				CLANG_WARN_UNGUARDED_AVAILABILITY = YES_AGGRESSIVE;
				CLANG_WARN_UNREACHABLE_CODE = YES;
				CLANG_WARN__DUPLICATE_METHOD_MATCH = YES;
				COPY_PHASE_STRIP = NO;
				DEBUG_INFORMATION_FORMAT = dwarf;
				ENABLE_STRICT_OBJC_MSGSEND = YES;
				ENABLE_TESTABILITY = YES;
				GCC_C_LANGUAGE_STANDARD = gnu11;
				GCC_DYNAMIC_NO_PIC = NO;
				GCC_NO_COMMON_BLOCKS = YES;
				GCC_OPTIMIZATION_LEVEL = 0;
				GCC_PREPROCESSOR_DEFINITIONS = (
					"DEBUG=1",
					"$(inherited)",
				);
				GCC_WARN_64_TO_32_BIT_CONVERSION = YES;
				GCC_WARN_ABOUT_RETURN_TYPE = YES_ERROR;
				GCC_WARN_UNDECLARED_SELECTOR = YES;
				GCC_WARN_UNINITIALIZED_AUTOS = YES_AGGRESSIVE;
				GCC_WARN_UNUSED_FUNCTION = YES;
				GCC_WARN_UNUSED_VARIABLE = YES;
				IPHONEOS_DEPLOYMENT_TARGET = 15.0;
				MTL_ENABLE_DEBUG_INFO = INCLUDE_SOURCE;
				MTL_FAST_MATH = YES;
				ONLY_ACTIVE_ARCH = YES;
				SDKROOT = iphoneos;
				SWIFT_ACTIVE_COMPILATION_CONDITIONS = DEBUG;
				SWIFT_OPTIMIZATION_LEVEL = "-Onone";
			};
			name = Debug;
		};
		F2C6289A273C0DBB0005AA70 /* Release */ = {
			isa = XCBuildConfiguration;
			buildSettings = {
				ALWAYS_SEARCH_USER_PATHS = NO;
				CLANG_ANALYZER_NONNULL = YES;
				CLANG_ANALYZER_NUMBER_OBJECT_CONVERSION = YES_AGGRESSIVE;
				CLANG_CXX_LANGUAGE_STANDARD = "gnu++17";
				CLANG_CXX_LIBRARY = "libc++";
				CLANG_ENABLE_MODULES = YES;
				CLANG_ENABLE_OBJC_ARC = YES;
				CLANG_ENABLE_OBJC_WEAK = YES;
				CLANG_WARN_BLOCK_CAPTURE_AUTORELEASING = YES;
				CLANG_WARN_BOOL_CONVERSION = YES;
				CLANG_WARN_COMMA = YES;
				CLANG_WARN_CONSTANT_CONVERSION = YES;
				CLANG_WARN_DEPRECATED_OBJC_IMPLEMENTATIONS = YES;
				CLANG_WARN_DIRECT_OBJC_ISA_USAGE = YES_ERROR;
				CLANG_WARN_DOCUMENTATION_COMMENTS = YES;
				CLANG_WARN_EMPTY_BODY = YES;
				CLANG_WARN_ENUM_CONVERSION = YES;
				CLANG_WARN_INFINITE_RECURSION = YES;
				CLANG_WARN_INT_CONVERSION = YES;
				CLANG_WARN_NON_LITERAL_NULL_CONVERSION = YES;
				CLANG_WARN_OBJC_IMPLICIT_RETAIN_SELF = YES;
				CLANG_WARN_OBJC_LITERAL_CONVERSION = YES;
				CLANG_WARN_OBJC_ROOT_CLASS = YES_ERROR;
				CLANG_WARN_QUOTED_INCLUDE_IN_FRAMEWORK_HEADER = YES;
				CLANG_WARN_RANGE_LOOP_ANALYSIS = YES;
				CLANG_WARN_STRICT_PROTOTYPES = YES;
				CLANG_WARN_SUSPICIOUS_MOVE = YES;
				CLANG_WARN_UNGUARDED_AVAILABILITY = YES_AGGRESSIVE;
				CLANG_WARN_UNREACHABLE_CODE = YES;
				CLANG_WARN__DUPLICATE_METHOD_MATCH = YES;
				COPY_PHASE_STRIP = NO;
				DEBUG_INFORMATION_FORMAT = "dwarf-with-dsym";
				ENABLE_NS_ASSERTIONS = NO;
				ENABLE_STRICT_OBJC_MSGSEND = YES;
				GCC_C_LANGUAGE_STANDARD = gnu11;
				GCC_NO_COMMON_BLOCKS = YES;
				GCC_WARN_64_TO_32_BIT_CONVERSION = YES;
				GCC_WARN_ABOUT_RETURN_TYPE = YES_ERROR;
				GCC_WARN_UNDECLARED_SELECTOR = YES;
				GCC_WARN_UNINITIALIZED_AUTOS = YES_AGGRESSIVE;
				GCC_WARN_UNUSED_FUNCTION = YES;
				GCC_WARN_UNUSED_VARIABLE = YES;
				IPHONEOS_DEPLOYMENT_TARGET = 15.0;
				MTL_ENABLE_DEBUG_INFO = NO;
				MTL_FAST_MATH = YES;
				SDKROOT = iphoneos;
				SWIFT_COMPILATION_MODE = wholemodule;
				SWIFT_OPTIMIZATION_LEVEL = "-O";
				VALIDATE_PRODUCT = YES;
			};
			name = Release;
		};
		F2C6289C273C0DBB0005AA70 /* Debug */ = {
			isa = XCBuildConfiguration;
			buildSettings = {
				ASSETCATALOG_COMPILER_APPICON_NAME = AppIcon;
				ASSETCATALOG_COMPILER_GLOBAL_ACCENT_COLOR_NAME = AccentColor;
				CODE_SIGN_STYLE = Automatic;
				CURRENT_PROJECT_VERSION = 1;
				GENERATE_INFOPLIST_FILE = YES;
				INFOPLIST_FILE = chpanPW5/Info.plist;
				INFOPLIST_KEY_UIApplicationSupportsIndirectInputEvents = YES;
				INFOPLIST_KEY_UILaunchStoryboardName = LaunchScreen;
				INFOPLIST_KEY_UISupportedInterfaceOrientations_iPad = "UIInterfaceOrientationPortrait UIInterfaceOrientationPortraitUpsideDown UIInterfaceOrientationLandscapeLeft UIInterfaceOrientationLandscapeRight";
				INFOPLIST_KEY_UISupportedInterfaceOrientations_iPhone = "UIInterfaceOrientationPortrait UIInterfaceOrientationLandscapeLeft UIInterfaceOrientationLandscapeRight";
				LD_RUNPATH_SEARCH_PATHS = (
					"$(inherited)",
					"@executable_path/Frameworks",
				);
				MARKETING_VERSION = 1.0;
				PRODUCT_BUNDLE_IDENTIFIER = hse.chpanPW5;
				PRODUCT_NAME = "$(TARGET_NAME)";
				SWIFT_EMIT_LOC_STRINGS = YES;
				SWIFT_VERSION = 5.0;
				TARGETED_DEVICE_FAMILY = "1,2";
			};
			name = Debug;
		};
		F2C6289D273C0DBB0005AA70 /* Release */ = {
			isa = XCBuildConfiguration;
			buildSettings = {
				ASSETCATALOG_COMPILER_APPICON_NAME = AppIcon;
				ASSETCATALOG_COMPILER_GLOBAL_ACCENT_COLOR_NAME = AccentColor;
				CODE_SIGN_STYLE = Automatic;
				CURRENT_PROJECT_VERSION = 1;
				GENERATE_INFOPLIST_FILE = YES;
				INFOPLIST_FILE = chpanPW5/Info.plist;
				INFOPLIST_KEY_UIApplicationSupportsIndirectInputEvents = YES;
				INFOPLIST_KEY_UILaunchStoryboardName = LaunchScreen;
				INFOPLIST_KEY_UISupportedInterfaceOrientations_iPad = "UIInterfaceOrientationPortrait UIInterfaceOrientationPortraitUpsideDown UIInterfaceOrientationLandscapeLeft UIInterfaceOrientationLandscapeRight";
				INFOPLIST_KEY_UISupportedInterfaceOrientations_iPhone = "UIInterfaceOrientationPortrait UIInterfaceOrientationLandscapeLeft UIInterfaceOrientationLandscapeRight";
				LD_RUNPATH_SEARCH_PATHS = (
					"$(inherited)",
					"@executable_path/Frameworks",
				);
				MARKETING_VERSION = 1.0;
				PRODUCT_BUNDLE_IDENTIFIER = hse.chpanPW5;
				PRODUCT_NAME = "$(TARGET_NAME)";
				SWIFT_EMIT_LOC_STRINGS = YES;
				SWIFT_VERSION = 5.0;
				TARGETED_DEVICE_FAMILY = "1,2";
			};
			name = Release;
		};
		F2C6289F273C0DBB0005AA70 /* Debug */ = {
			isa = XCBuildConfiguration;
			buildSettings = {
				ALWAYS_EMBED_SWIFT_STANDARD_LIBRARIES = YES;
				BUNDLE_LOADER = "$(TEST_HOST)";
				CODE_SIGN_STYLE = Automatic;
				CURRENT_PROJECT_VERSION = 1;
				GENERATE_INFOPLIST_FILE = YES;
				IPHONEOS_DEPLOYMENT_TARGET = 15.0;
				LD_RUNPATH_SEARCH_PATHS = (
					"$(inherited)",
					"@executable_path/Frameworks",
					"@loader_path/Frameworks",
				);
				MARKETING_VERSION = 1.0;
				PRODUCT_BUNDLE_IDENTIFIER = hse.chpanPW5Tests;
				PRODUCT_NAME = "$(TARGET_NAME)";
				SWIFT_EMIT_LOC_STRINGS = NO;
				SWIFT_VERSION = 5.0;
				TARGETED_DEVICE_FAMILY = "1,2";
				TEST_HOST = "$(BUILT_PRODUCTS_DIR)/chpanPW5.app/chpanPW5";
			};
			name = Debug;
		};
		F2C628A0273C0DBB0005AA70 /* Release */ = {
			isa = XCBuildConfiguration;
			buildSettings = {
				ALWAYS_EMBED_SWIFT_STANDARD_LIBRARIES = YES;
				BUNDLE_LOADER = "$(TEST_HOST)";
				CODE_SIGN_STYLE = Automatic;
				CURRENT_PROJECT_VERSION = 1;
				GENERATE_INFOPLIST_FILE = YES;
				IPHONEOS_DEPLOYMENT_TARGET = 15.0;
				LD_RUNPATH_SEARCH_PATHS = (
					"$(inherited)",
					"@executable_path/Frameworks",
					"@loader_path/Frameworks",
				);
				MARKETING_VERSION = 1.0;
				PRODUCT_BUNDLE_IDENTIFIER = hse.chpanPW5Tests;
				PRODUCT_NAME = "$(TARGET_NAME)";
				SWIFT_EMIT_LOC_STRINGS = NO;
				SWIFT_VERSION = 5.0;
				TARGETED_DEVICE_FAMILY = "1,2";
				TEST_HOST = "$(BUILT_PRODUCTS_DIR)/chpanPW5.app/chpanPW5";
			};
			name = Release;
		};
		F2C628A2273C0DBB0005AA70 /* Debug */ = {
			isa = XCBuildConfiguration;
			buildSettings = {
				ALWAYS_EMBED_SWIFT_STANDARD_LIBRARIES = YES;
				CODE_SIGN_STYLE = Automatic;
				CURRENT_PROJECT_VERSION = 1;
				GENERATE_INFOPLIST_FILE = YES;
				LD_RUNPATH_SEARCH_PATHS = (
					"$(inherited)",
					"@executable_path/Frameworks",
					"@loader_path/Frameworks",
				);
				MARKETING_VERSION = 1.0;
				PRODUCT_BUNDLE_IDENTIFIER = hse.chpanPW5UITests;
				PRODUCT_NAME = "$(TARGET_NAME)";
				SWIFT_EMIT_LOC_STRINGS = NO;
				SWIFT_VERSION = 5.0;
				TARGETED_DEVICE_FAMILY = "1,2";
				TEST_TARGET_NAME = chpanPW5;
			};
			name = Debug;
		};
		F2C628A3273C0DBB0005AA70 /* Release */ = {
			isa = XCBuildConfiguration;
			buildSettings = {
				ALWAYS_EMBED_SWIFT_STANDARD_LIBRARIES = YES;
				CODE_SIGN_STYLE = Automatic;
				CURRENT_PROJECT_VERSION = 1;
				GENERATE_INFOPLIST_FILE = YES;
				LD_RUNPATH_SEARCH_PATHS = (
					"$(inherited)",
					"@executable_path/Frameworks",
					"@loader_path/Frameworks",
				);
				MARKETING_VERSION = 1.0;
				PRODUCT_BUNDLE_IDENTIFIER = hse.chpanPW5UITests;
				PRODUCT_NAME = "$(TARGET_NAME)";
				SWIFT_EMIT_LOC_STRINGS = NO;
				SWIFT_VERSION = 5.0;
				TARGETED_DEVICE_FAMILY = "1,2";
				TEST_TARGET_NAME = chpanPW5;
			};
			name = Release;
		};
/* End XCBuildConfiguration section */

/* Begin XCConfigurationList section */
		F2C6286C273C0DB80005AA70 /* Build configuration list for PBXProject "chpanPW5" */ = {
			isa = XCConfigurationList;
			buildConfigurations = (
				F2C62899273C0DBB0005AA70 /* Debug */,
				F2C6289A273C0DBB0005AA70 /* Release */,
			);
			defaultConfigurationIsVisible = 0;
			defaultConfigurationName = Release;
		};
		F2C6289B273C0DBB0005AA70 /* Build configuration list for PBXNativeTarget "chpanPW5" */ = {
			isa = XCConfigurationList;
			buildConfigurations = (
				F2C6289C273C0DBB0005AA70 /* Debug */,
				F2C6289D273C0DBB0005AA70 /* Release */,
			);
			defaultConfigurationIsVisible = 0;
			defaultConfigurationName = Release;
		};
		F2C6289E273C0DBB0005AA70 /* Build configuration list for PBXNativeTarget "chpanPW5Tests" */ = {
			isa = XCConfigurationList;
			buildConfigurations = (
				F2C6289F273C0DBB0005AA70 /* Debug */,
				F2C628A0273C0DBB0005AA70 /* Release */,
			);
			defaultConfigurationIsVisible = 0;
			defaultConfigurationName = Release;
		};
		F2C628A1273C0DBB0005AA70 /* Build configuration list for PBXNativeTarget "chpanPW5UITests" */ = {
			isa = XCConfigurationList;
			buildConfigurations = (
				F2C628A2273C0DBB0005AA70 /* Debug */,
				F2C628A3273C0DBB0005AA70 /* Release */,
			);
			defaultConfigurationIsVisible = 0;
			defaultConfigurationName = Release;
		};
/* End XCConfigurationList section */
	};
	rootObject = F2C62869273C0DB80005AA70 /* Project object */;
}
